
Microsoft Visual Studio Solution File, Format Version 12.00
# Visual Studio Version 17
VisualStudioVersion = 17.7.34031.279
MinimumVisualStudioVersion = 10.0.40219.1
Project("{FAE04EC0-301F-11D3-BF4B-00C04F79EFBC}") = "test c4", "test c4\test c4.csproj", "{8DC389AE-943D-442C-88F4-546B0342610C}"
EndProject
Global
	GlobalSection(SolutionConfigurationPlatforms) = preSolution
		Debug|Any CPU = Debug|Any CPU
		Release|Any CPU = Release|Any CPU
	EndGlobalSection
	GlobalSection(ProjectConfigurationPlatforms) = postSolution
		{8DC389AE-943D-442C-88F4-546B0342610C}.Debug|Any CPU.ActiveCfg = Debug|Any CPU
		{8DC389AE-943D-442C-88F4-546B0342610C}.Debug|Any CPU.Build.0 = Debug|Any CPU
		{8DC389AE-943D-442C-88F4-546B0342610C}.Release|Any CPU.ActiveCfg = Release|Any CPU
		{8DC389AE-943D-442C-88F4-546B0342610C}.Release|Any CPU.Build.0 = Release|Any CPU
	EndGlobalSection
	GlobalSection(SolutionProperties) = preSolution
		HideSolutionNode = FALSE
	EndGlobalSection
	GlobalSection(ExtensibilityGlobals) = postSolution
		SolutionGuid = {B5857B0B-D3DF-4A25-A3EE-EDC71A5E7FA6}
	EndGlobalSection
EndGlobal
